
Microsoft Visual Studio Solution File, Format Version 12.00
# Visual Studio Version 17
VisualStudioVersion = 17.4.33205.214
MinimumVisualStudioVersion = 10.0.40219.1
Project("{FAE04EC0-301F-11D3-BF4B-00C04F79EFBC}") = "uniformesV51", "uniformesV51\uniformesV51.csproj", "{01D6747D-A191-4EA7-B8C2-3294933217AF}"
EndProject
Global
	GlobalSection(SolutionConfigurationPlatforms) = preSolution
		Debug|Any CPU = Debug|Any CPU
		Release|Any CPU = Release|Any CPU
	EndGlobalSection
	GlobalSection(ProjectConfigurationPlatforms) = postSolution
		{01D6747D-A191-4EA7-B8C2-3294933217AF}.Debug|Any CPU.ActiveCfg = Debug|Any CPU
		{01D6747D-A191-4EA7-B8C2-3294933217AF}.Debug|Any CPU.Build.0 = Debug|Any CPU
		{01D6747D-A191-4EA7-B8C2-3294933217AF}.Release|Any CPU.ActiveCfg = Release|Any CPU
		{01D6747D-A191-4EA7-B8C2-3294933217AF}.Release|Any CPU.Build.0 = Release|Any CPU
	EndGlobalSection
	GlobalSection(SolutionProperties) = preSolution
		HideSolutionNode = FALSE
	EndGlobalSection
	GlobalSection(ExtensibilityGlobals) = postSolution
		SolutionGuid = {AB47298F-0A01-4695-BB86-18AA2BA3D5D9}
	EndGlobalSection
EndGlobal
